
Microsoft Visual Studio Solution File, Format Version 12.00
# Visual Studio 15
VisualStudioVersion = 15.0.27703.2042
MinimumVisualStudioVersion = 10.0.40219.1
Project("{2150E333-8FDC-42A3-9474-1A3956D46DE8}") = "Audit", "Audit", "{2816D9D1-C1E2-40D7-90FB-5B9D9525BA65}"
EndProject
Project("{2150E333-8FDC-42A3-9474-1A3956D46DE8}") = "Common", "Common", "{F29D5FE8-C706-4587-A1F8-DF00B2BD650B}"
EndProject
Project("{9A19103F-16F7-4668-BE54-9A1E7A4F7556}") = "App.Audit.Api", "App.Audit.Api\App.Audit.Api.csproj", "{6DF7F24C-EFFF-4EE0-A720-15A45E88A402}"
EndProject
Project("{9A19103F-16F7-4668-BE54-9A1E7A4F7556}") = "App.Audit.Domain", "App.Audit.Domain\App.Audit.Domain.csproj", "{B0A042D0-D6A3-4C89-8E0F-2AD9FE5634B2}"
EndProject
Project("{9A19103F-16F7-4668-BE54-9A1E7A4F7556}") = "App.Audit.Infrastructure", "App.Audit.Infrastructure\App.Audit.Infrastructure.csproj", "{358BB636-ACD4-4797-9C22-1ED956919E84}"
EndProject
Project("{2150E333-8FDC-42A3-9474-1A3956D46DE8}") = "Test", "Test", "{0B6DADCA-5323-4C98-BE10-448148257725}"
EndProject
Project("{9A19103F-16F7-4668-BE54-9A1E7A4F7556}") = "App.Audit.UnitTest", "App.Audit.UnitTest\App.Audit.UnitTest.csproj", "{0385C6AC-A36A-44B5-80A2-54DA8CD2A99F}"
EndProject
Project("{9A19103F-16F7-4668-BE54-9A1E7A4F7556}") = "App.Audit.FunctionTest", "App.Audit.FunctionTest\App.Audit.FunctionTest.csproj", "{3395F5F2-2F70-49C1-AC95-2A6AE015487E}"
EndProject
Project("{9A19103F-16F7-4668-BE54-9A1E7A4F7556}") = "App.Common", "App.Common\App.Common.csproj", "{5E1247FD-499E-4944-9781-06568EEE469F}"
EndProject
Project("{9A19103F-16F7-4668-BE54-9A1E7A4F7556}") = "App.TestUtil", "App.TestUtil\App.TestUtil.csproj", "{6F5DB565-0E6D-4628-9122-1697A67CB3B4}"
EndProject
Project("{2150E333-8FDC-42A3-9474-1A3956D46DE8}") = "Solution Items", "Solution Items", "{665E5985-2C0A-498E-9F10-CA7904ADF58B}"
	ProjectSection(SolutionItems) = preProject
		..\README.md = ..\README.md
	EndProjectSection
EndProject
Project("{9A19103F-16F7-4668-BE54-9A1E7A4F7556}") = "App.Audit.IntegrationTest", "App.Audit.IntegrationTest\App.Audit.IntegrationTest.csproj", "{EF8534E5-B62E-4B17-BBF1-361E9B7F05FB}"
EndProject
Project("{FAE04EC0-301F-11D3-BF4B-00C04F79EFBC}") = "App.Audit.QueryProcessor", "App.Audit.QueryProcessor\App.Audit.QueryProcessor.csproj", "{C6AFDCA4-D843-4FD5-A97E-044628EF9BE7}"
EndProject
Project("{FAE04EC0-301F-11D3-BF4B-00C04F79EFBC}") = "App.Audit.CommandProcessor", "App.Audit.CommandProcessor\App.Audit.CommandProcessor.csproj", "{C97BF24F-1819-48FC-A986-6C19B0552521}"
EndProject
Global
	GlobalSection(SolutionConfigurationPlatforms) = preSolution
		Debug|Any CPU = Debug|Any CPU
		Release|Any CPU = Release|Any CPU
	EndGlobalSection
	GlobalSection(ProjectConfigurationPlatforms) = postSolution
		{6DF7F24C-EFFF-4EE0-A720-15A45E88A402}.Debug|Any CPU.ActiveCfg = Debug|Any CPU
		{6DF7F24C-EFFF-4EE0-A720-15A45E88A402}.Debug|Any CPU.Build.0 = Debug|Any CPU
		{6DF7F24C-EFFF-4EE0-A720-15A45E88A402}.Release|Any CPU.ActiveCfg = Release|Any CPU
		{6DF7F24C-EFFF-4EE0-A720-15A45E88A402}.Release|Any CPU.Build.0 = Release|Any CPU
		{B0A042D0-D6A3-4C89-8E0F-2AD9FE5634B2}.Debug|Any CPU.ActiveCfg = Debug|Any CPU
		{B0A042D0-D6A3-4C89-8E0F-2AD9FE5634B2}.Debug|Any CPU.Build.0 = Debug|Any CPU
		{B0A042D0-D6A3-4C89-8E0F-2AD9FE5634B2}.Release|Any CPU.ActiveCfg = Release|Any CPU
		{B0A042D0-D6A3-4C89-8E0F-2AD9FE5634B2}.Release|Any CPU.Build.0 = Release|Any CPU
		{358BB636-ACD4-4797-9C22-1ED956919E84}.Debug|Any CPU.ActiveCfg = Debug|Any CPU
		{358BB636-ACD4-4797-9C22-1ED956919E84}.Debug|Any CPU.Build.0 = Debug|Any CPU
		{358BB636-ACD4-4797-9C22-1ED956919E84}.Release|Any CPU.ActiveCfg = Release|Any CPU
		{358BB636-ACD4-4797-9C22-1ED956919E84}.Release|Any CPU.Build.0 = Release|Any CPU
		{0385C6AC-A36A-44B5-80A2-54DA8CD2A99F}.Debug|Any CPU.ActiveCfg = Debug|Any CPU
		{0385C6AC-A36A-44B5-80A2-54DA8CD2A99F}.Debug|Any CPU.Build.0 = Debug|Any CPU
		{0385C6AC-A36A-44B5-80A2-54DA8CD2A99F}.Release|Any CPU.ActiveCfg = Release|Any CPU
		{0385C6AC-A36A-44B5-80A2-54DA8CD2A99F}.Release|Any CPU.Build.0 = Release|Any CPU
		{3395F5F2-2F70-49C1-AC95-2A6AE015487E}.Debug|Any CPU.ActiveCfg = Debug|Any CPU
		{3395F5F2-2F70-49C1-AC95-2A6AE015487E}.Debug|Any CPU.Build.0 = Debug|Any CPU
		{3395F5F2-2F70-49C1-AC95-2A6AE015487E}.Release|Any CPU.ActiveCfg = Release|Any CPU
		{3395F5F2-2F70-49C1-AC95-2A6AE015487E}.Release|Any CPU.Build.0 = Release|Any CPU
		{5E1247FD-499E-4944-9781-06568EEE469F}.Debug|Any CPU.ActiveCfg = Debug|Any CPU
		{5E1247FD-499E-4944-9781-06568EEE469F}.Debug|Any CPU.Build.0 = Debug|Any CPU
		{5E1247FD-499E-4944-9781-06568EEE469F}.Release|Any CPU.ActiveCfg = Release|Any CPU
		{5E1247FD-499E-4944-9781-06568EEE469F}.Release|Any CPU.Build.0 = Release|Any CPU
		{6F5DB565-0E6D-4628-9122-1697A67CB3B4}.Debug|Any CPU.ActiveCfg = Debug|Any CPU
		{6F5DB565-0E6D-4628-9122-1697A67CB3B4}.Debug|Any CPU.Build.0 = Debug|Any CPU
		{6F5DB565-0E6D-4628-9122-1697A67CB3B4}.Release|Any CPU.ActiveCfg = Release|Any CPU
		{6F5DB565-0E6D-4628-9122-1697A67CB3B4}.Release|Any CPU.Build.0 = Release|Any CPU
		{EF8534E5-B62E-4B17-BBF1-361E9B7F05FB}.Debug|Any CPU.ActiveCfg = Debug|Any CPU
		{EF8534E5-B62E-4B17-BBF1-361E9B7F05FB}.Debug|Any CPU.Build.0 = Debug|Any CPU
		{EF8534E5-B62E-4B17-BBF1-361E9B7F05FB}.Release|Any CPU.ActiveCfg = Release|Any CPU
		{EF8534E5-B62E-4B17-BBF1-361E9B7F05FB}.Release|Any CPU.Build.0 = Release|Any CPU
		{C6AFDCA4-D843-4FD5-A97E-044628EF9BE7}.Debug|Any CPU.ActiveCfg = Debug|Any CPU
		{C6AFDCA4-D843-4FD5-A97E-044628EF9BE7}.Debug|Any CPU.Build.0 = Debug|Any CPU
		{C6AFDCA4-D843-4FD5-A97E-044628EF9BE7}.Release|Any CPU.ActiveCfg = Release|Any CPU
		{C6AFDCA4-D843-4FD5-A97E-044628EF9BE7}.Release|Any CPU.Build.0 = Release|Any CPU
		{C97BF24F-1819-48FC-A986-6C19B0552521}.Debug|Any CPU.ActiveCfg = Debug|Any CPU
		{C97BF24F-1819-48FC-A986-6C19B0552521}.Debug|Any CPU.Build.0 = Debug|Any CPU
		{C97BF24F-1819-48FC-A986-6C19B0552521}.Release|Any CPU.ActiveCfg = Release|Any CPU
		{C97BF24F-1819-48FC-A986-6C19B0552521}.Release|Any CPU.Build.0 = Release|Any CPU
	EndGlobalSection
	GlobalSection(SolutionProperties) = preSolution
		HideSolutionNode = FALSE
	EndGlobalSection
	GlobalSection(NestedProjects) = preSolution
		{6DF7F24C-EFFF-4EE0-A720-15A45E88A402} = {2816D9D1-C1E2-40D7-90FB-5B9D9525BA65}
		{B0A042D0-D6A3-4C89-8E0F-2AD9FE5634B2} = {2816D9D1-C1E2-40D7-90FB-5B9D9525BA65}
		{358BB636-ACD4-4797-9C22-1ED956919E84} = {2816D9D1-C1E2-40D7-90FB-5B9D9525BA65}
		{0B6DADCA-5323-4C98-BE10-448148257725} = {2816D9D1-C1E2-40D7-90FB-5B9D9525BA65}
		{0385C6AC-A36A-44B5-80A2-54DA8CD2A99F} = {0B6DADCA-5323-4C98-BE10-448148257725}
		{3395F5F2-2F70-49C1-AC95-2A6AE015487E} = {0B6DADCA-5323-4C98-BE10-448148257725}
		{5E1247FD-499E-4944-9781-06568EEE469F} = {F29D5FE8-C706-4587-A1F8-DF00B2BD650B}
		{6F5DB565-0E6D-4628-9122-1697A67CB3B4} = {F29D5FE8-C706-4587-A1F8-DF00B2BD650B}
		{EF8534E5-B62E-4B17-BBF1-361E9B7F05FB} = {0B6DADCA-5323-4C98-BE10-448148257725}
		{C6AFDCA4-D843-4FD5-A97E-044628EF9BE7} = {2816D9D1-C1E2-40D7-90FB-5B9D9525BA65}
		{C97BF24F-1819-48FC-A986-6C19B0552521} = {2816D9D1-C1E2-40D7-90FB-5B9D9525BA65}
	EndGlobalSection
	GlobalSection(ExtensibilityGlobals) = postSolution
		SolutionGuid = {57A16F4B-D520-4DF6-8606-59ADB14784BB}
	EndGlobalSection
EndGlobal
